<?xml version="1.0" encoding="utf-8"?>
<Project ToolsVersion="4.0" xmlns="http://schemas.microsoft.com/developer/msbuild/2003">
  <ItemGroup>
    <Filter Include="Исходные файлы">
      <UniqueIdentifier>{4FC737F1-C7A5-4376-A066-2A32D752A2FF}</UniqueIdentifier>
      <Extensions>cpp;c;cc;cxx;c++;cppm;ixx;def;odl;idl;hpj;bat;asm;asmx</Extensions>
    </Filter>
    <Filter Include="Файлы заголовков">
      <UniqueIdentifier>{93995380-89BD-4b04-88EB-625FBE52EBFB}</UniqueIdentifier>
      <Extensions>h;hh;hpp;hxx;h++;hm;inl;inc;ipp;xsd</Extensions>
    </Filter>
    <Filter Include="Файлы ресурсов">
      <UniqueIdentifier>{67DA6AB6-F800-4c08-8B7A-83BB121AAD01}</UniqueIdentifier>
      <Extensions>rc;ico;cur;bmp;dlg;rc2;rct;bin;rgs;gif;jpg;jpeg;jpe;resx;tiff;tif;png;wav;mfcribbon-ms</Extensions>
    </Filter>
    <Filter Include="Addictional files">
      <UniqueIdentifier>{9ac9f7f8-9a42-4e21-868f-1fa92b4cf96d}</UniqueIdentifier>
    </Filter>
  </ItemGroup>
  <ItemGroup>
    <ClCompile Include="Junk Jards from all US.cpp">
      <Filter>Исходные файлы</Filter>
    </ClCompile>
  </ItemGroup>
  <ItemGroup>
    <Text Include="List_Of_Jards.txt">
      <Filter>Addictional files</Filter>
    </Text>
    <Text Include="FL 32824.txt">
      <Filter>Addictional files</Filter>
    </Text>
    <Text Include="FL 32771.txt">
      <Filter>Addictional files</Filter>
    </Text>
    <Text Include="PaidReport.txt">
      <Filter>Addictional files</Filter>
    </Text>
    <Text Include="Admins.txt">
      <Filter>Addictional files</Filter>
    </Text>
    <Text Include="Users.txt">
      <Filter>Addictional files</Filter>
    </Text>
  </ItemGroup>
</Project>